
Microsoft Visual Studio Solution File, Format Version 12.00
# Visual Studio Version 17
VisualStudioVersion = 17.7.34031.279
MinimumVisualStudioVersion = 10.0.40219.1
Project("{8BC9CEB8-8B4A-11D0-8D11-00A0C91BC942}") = "6", "6.vcxproj", "{4FC09187-4D89-41C9-8C20-06BD50E19B64}"
EndProject
Global
	GlobalSection(SolutionConfigurationPlatforms) = preSolution
		Debug|x64 = Debug|x64
		Debug|x86 = Debug|x86
		Release|x64 = Release|x64
		Release|x86 = Release|x86
	EndGlobalSection
	GlobalSection(ProjectConfigurationPlatforms) = postSolution
		{4FC09187-4D89-41C9-8C20-06BD50E19B64}.Debug|x64.ActiveCfg = Debug|x64
		{4FC09187-4D89-41C9-8C20-06BD50E19B64}.Debug|x64.Build.0 = Debug|x64
		{4FC09187-4D89-41C9-8C20-06BD50E19B64}.Debug|x86.ActiveCfg = Debug|Win32
		{4FC09187-4D89-41C9-8C20-06BD50E19B64}.Debug|x86.Build.0 = Debug|Win32
		{4FC09187-4D89-41C9-8C20-06BD50E19B64}.Release|x64.ActiveCfg = Release|x64
		{4FC09187-4D89-41C9-8C20-06BD50E19B64}.Release|x64.Build.0 = Release|x64
		{4FC09187-4D89-41C9-8C20-06BD50E19B64}.Release|x86.ActiveCfg = Release|Win32
		{4FC09187-4D89-41C9-8C20-06BD50E19B64}.Release|x86.Build.0 = Release|Win32
	EndGlobalSection
	GlobalSection(SolutionProperties) = preSolution
		HideSolutionNode = FALSE
	EndGlobalSection
	GlobalSection(ExtensibilityGlobals) = postSolution
		SolutionGuid = {654AA425-C4FE-4787-B865-B94BC612C17C}
	EndGlobalSection
EndGlobal
